
Microsoft Visual Studio Solution File, Format Version 12.00
# Visual Studio Version 16
VisualStudioVersion = 16.0.28525.7
MinimumVisualStudioVersion = 10.0.40219.1
Project("{9A19103F-16F7-4668-BE54-9A1E7A4F7556}") = "JsonDemo", "JsonDemo.csproj", "{38614814-2B1E-4C1A-8EDA-80BA130A3B12}"
EndProject
Global
	GlobalSection(SolutionConfigurationPlatforms) = preSolution
		Debug|Any CPU = Debug|Any CPU
		Release|Any CPU = Release|Any CPU
	EndGlobalSection
	GlobalSection(ProjectConfigurationPlatforms) = postSolution
		{38614814-2B1E-4C1A-8EDA-80BA130A3B12}.Debug|Any CPU.ActiveCfg = Debug|Any CPU
		{38614814-2B1E-4C1A-8EDA-80BA130A3B12}.Debug|Any CPU.Build.0 = Debug|Any CPU
		{38614814-2B1E-4C1A-8EDA-80BA130A3B12}.Release|Any CPU.ActiveCfg = Release|Any CPU
		{38614814-2B1E-4C1A-8EDA-80BA130A3B12}.Release|Any CPU.Build.0 = Release|Any CPU
	EndGlobalSection
	GlobalSection(SolutionProperties) = preSolution
		HideSolutionNode = FALSE
	EndGlobalSection
	GlobalSection(ExtensibilityGlobals) = postSolution
		SolutionGuid = {BBC7DDF6-32C8-4F3F-A49D-9B0E2578E15E}
	EndGlobalSection
EndGlobal
